
Microsoft Visual Studio Solution File, Format Version 12.00
# Visual Studio Version 17
VisualStudioVersion = 17.4.33122.133
MinimumVisualStudioVersion = 10.0.40219.1
Project("{9A19103F-16F7-4668-BE54-9A1E7A4F7556}") = "TruckScale.UI", "TruckScale.UI\TruckScale.UI.csproj", "{1FB3F2A4-CF2F-4E62-8889-F018F2731010}"
EndProject
Project("{9A19103F-16F7-4668-BE54-9A1E7A4F7556}") = "TruckScale.Library", "TruckScale.Library\TruckScale.Library.csproj", "{B146F5F3-0740-49E6-ABAC-225660ACAB9C}"
EndProject
Project("{9A19103F-16F7-4668-BE54-9A1E7A4F7556}") = "TruckScale.ScaleSerialPort", "TruckScale.SerialPort\TruckScale.ScaleSerialPort.csproj", "{70DF097D-2B6F-444D-8751-63436F586A08}"
EndProject
Global
	GlobalSection(SolutionConfigurationPlatforms) = preSolution
		Debug|Any CPU = Debug|Any CPU
		Release|Any CPU = Release|Any CPU
	EndGlobalSection
	GlobalSection(ProjectConfigurationPlatforms) = postSolution
		{1FB3F2A4-CF2F-4E62-8889-F018F2731010}.Debug|Any CPU.ActiveCfg = Debug|Any CPU
		{1FB3F2A4-CF2F-4E62-8889-F018F2731010}.Debug|Any CPU.Build.0 = Debug|Any CPU
		{1FB3F2A4-CF2F-4E62-8889-F018F2731010}.Release|Any CPU.ActiveCfg = Release|Any CPU
		{1FB3F2A4-CF2F-4E62-8889-F018F2731010}.Release|Any CPU.Build.0 = Release|Any CPU
		{B146F5F3-0740-49E6-ABAC-225660ACAB9C}.Debug|Any CPU.ActiveCfg = Debug|Any CPU
		{B146F5F3-0740-49E6-ABAC-225660ACAB9C}.Debug|Any CPU.Build.0 = Debug|Any CPU
		{B146F5F3-0740-49E6-ABAC-225660ACAB9C}.Release|Any CPU.ActiveCfg = Release|Any CPU
		{B146F5F3-0740-49E6-ABAC-225660ACAB9C}.Release|Any CPU.Build.0 = Release|Any CPU
		{70DF097D-2B6F-444D-8751-63436F586A08}.Debug|Any CPU.ActiveCfg = Debug|Any CPU
		{70DF097D-2B6F-444D-8751-63436F586A08}.Debug|Any CPU.Build.0 = Debug|Any CPU
		{70DF097D-2B6F-444D-8751-63436F586A08}.Release|Any CPU.ActiveCfg = Release|Any CPU
		{70DF097D-2B6F-444D-8751-63436F586A08}.Release|Any CPU.Build.0 = Release|Any CPU
	EndGlobalSection
	GlobalSection(SolutionProperties) = preSolution
		HideSolutionNode = FALSE
	EndGlobalSection
	GlobalSection(ExtensibilityGlobals) = postSolution
		SolutionGuid = {BF4ECBC6-1033-426B-A312-E58F6678E2F4}
	EndGlobalSection
EndGlobal
